
Microsoft Visual Studio Solution File, Format Version 12.00
# Visual Studio Version 17
VisualStudioVersion = 17.14.36623.8 d17.14
MinimumVisualStudioVersion = 10.0.40219.1
Project("{FAE04EC0-301F-11D3-BF4B-00C04F79EFBC}") = "RemotingTrm", "RemotingTrm.csproj", "{5A025A7E-689C-4A06-A23F-EE4A6E9DDB93}"
EndProject
Project("{FAE04EC0-301F-11D3-BF4B-00C04F79EFBC}") = "Server app", "..\Server app\Server app.csproj", "{5624DC85-FCA3-4BF9-AE58-DDA2F86F7B08}"
EndProject
Project("{FAE04EC0-301F-11D3-BF4B-00C04F79EFBC}") = "RemoteLib", "..\RemoteLib\RemoteLib.csproj", "{E60D326C-A506-423B-A9AF-8A26C3BD21C0}"
EndProject
Project("{FAE04EC0-301F-11D3-BF4B-00C04F79EFBC}") = "ClientApp1", "..\ClientApp1\ClientApp1.csproj", "{35219E7F-E91E-444B-8BF1-F10B6EA5FEE4}"
EndProject
Global
	GlobalSection(SolutionConfigurationPlatforms) = preSolution
		Debug|Any CPU = Debug|Any CPU
		Release|Any CPU = Release|Any CPU
	EndGlobalSection
	GlobalSection(ProjectConfigurationPlatforms) = postSolution
		{5A025A7E-689C-4A06-A23F-EE4A6E9DDB93}.Debug|Any CPU.ActiveCfg = Debug|Any CPU
		{5A025A7E-689C-4A06-A23F-EE4A6E9DDB93}.Debug|Any CPU.Build.0 = Debug|Any CPU
		{5A025A7E-689C-4A06-A23F-EE4A6E9DDB93}.Release|Any CPU.ActiveCfg = Release|Any CPU
		{5A025A7E-689C-4A06-A23F-EE4A6E9DDB93}.Release|Any CPU.Build.0 = Release|Any CPU
		{5624DC85-FCA3-4BF9-AE58-DDA2F86F7B08}.Debug|Any CPU.ActiveCfg = Debug|Any CPU
		{5624DC85-FCA3-4BF9-AE58-DDA2F86F7B08}.Debug|Any CPU.Build.0 = Debug|Any CPU
		{5624DC85-FCA3-4BF9-AE58-DDA2F86F7B08}.Release|Any CPU.ActiveCfg = Release|Any CPU
		{5624DC85-FCA3-4BF9-AE58-DDA2F86F7B08}.Release|Any CPU.Build.0 = Release|Any CPU
		{E60D326C-A506-423B-A9AF-8A26C3BD21C0}.Debug|Any CPU.ActiveCfg = Debug|Any CPU
		{E60D326C-A506-423B-A9AF-8A26C3BD21C0}.Debug|Any CPU.Build.0 = Debug|Any CPU
		{E60D326C-A506-423B-A9AF-8A26C3BD21C0}.Release|Any CPU.ActiveCfg = Release|Any CPU
		{E60D326C-A506-423B-A9AF-8A26C3BD21C0}.Release|Any CPU.Build.0 = Release|Any CPU
		{35219E7F-E91E-444B-8BF1-F10B6EA5FEE4}.Debug|Any CPU.ActiveCfg = Debug|Any CPU
		{35219E7F-E91E-444B-8BF1-F10B6EA5FEE4}.Debug|Any CPU.Build.0 = Debug|Any CPU
		{35219E7F-E91E-444B-8BF1-F10B6EA5FEE4}.Release|Any CPU.ActiveCfg = Release|Any CPU
		{35219E7F-E91E-444B-8BF1-F10B6EA5FEE4}.Release|Any CPU.Build.0 = Release|Any CPU
	EndGlobalSection
	GlobalSection(SolutionProperties) = preSolution
		HideSolutionNode = FALSE
	EndGlobalSection
	GlobalSection(ExtensibilityGlobals) = postSolution
		SolutionGuid = {2D7BC2F4-D17D-4501-91A3-AF2EBD7F6681}
	EndGlobalSection
EndGlobal
