
Microsoft Visual Studio Solution File, Format Version 12.00
# Visual Studio Version 17
VisualStudioVersion = 17.14.36623.8 d17.14
MinimumVisualStudioVersion = 10.0.40219.1
Project("{FAE04EC0-301F-11D3-BF4B-00C04F79EFBC}") = "autocare_assignment", "autocare_assignment.csproj", "{3A342542-BE1F-4B64-80F6-2D17987D3BEC}"
EndProject
Global
	GlobalSection(SolutionConfigurationPlatforms) = preSolution
		Debug|Any CPU = Debug|Any CPU
		Release|Any CPU = Release|Any CPU
	EndGlobalSection
	GlobalSection(ProjectConfigurationPlatforms) = postSolution
		{3A342542-BE1F-4B64-80F6-2D17987D3BEC}.Debug|Any CPU.ActiveCfg = Debug|Any CPU
		{3A342542-BE1F-4B64-80F6-2D17987D3BEC}.Debug|Any CPU.Build.0 = Debug|Any CPU
		{3A342542-BE1F-4B64-80F6-2D17987D3BEC}.Release|Any CPU.ActiveCfg = Release|Any CPU
		{3A342542-BE1F-4B64-80F6-2D17987D3BEC}.Release|Any CPU.Build.0 = Release|Any CPU
	EndGlobalSection
	GlobalSection(SolutionProperties) = preSolution
		HideSolutionNode = FALSE
	EndGlobalSection
	GlobalSection(ExtensibilityGlobals) = postSolution
		SolutionGuid = {5BD7FA84-2833-4EC1-93A7-F9D5040E7156}
	EndGlobalSection
EndGlobal
