
Microsoft Visual Studio Solution File, Format Version 12.00
# Visual Studio Version 17
VisualStudioVersion = 17.14.36623.8
MinimumVisualStudioVersion = 10.0.40219.1
Project("{FAE04EC0-301F-11D3-BF4B-00C04F79EFBC}") = "ado.net assignemt", "ado.net assignemt.csproj", "{99775678-51F2-41CB-9945-DFAF53F509A3}"
EndProject
Project("{FAE04EC0-301F-11D3-BF4B-00C04F79EFBC}") = "adonet ef", "..\adonet ef\adonet ef.csproj", "{FB88ADAE-C024-42E7-B272-1117D4B9DFE1}"
EndProject
Global
	GlobalSection(SolutionConfigurationPlatforms) = preSolution
		Debug|Any CPU = Debug|Any CPU
		Release|Any CPU = Release|Any CPU
	EndGlobalSection
	GlobalSection(ProjectConfigurationPlatforms) = postSolution
		{99775678-51F2-41CB-9945-DFAF53F509A3}.Debug|Any CPU.ActiveCfg = Debug|Any CPU
		{99775678-51F2-41CB-9945-DFAF53F509A3}.Debug|Any CPU.Build.0 = Debug|Any CPU
		{99775678-51F2-41CB-9945-DFAF53F509A3}.Release|Any CPU.ActiveCfg = Release|Any CPU
		{99775678-51F2-41CB-9945-DFAF53F509A3}.Release|Any CPU.Build.0 = Release|Any CPU
		{FB88ADAE-C024-42E7-B272-1117D4B9DFE1}.Debug|Any CPU.ActiveCfg = Debug|Any CPU
		{FB88ADAE-C024-42E7-B272-1117D4B9DFE1}.Debug|Any CPU.Build.0 = Debug|Any CPU
		{FB88ADAE-C024-42E7-B272-1117D4B9DFE1}.Release|Any CPU.ActiveCfg = Release|Any CPU
		{FB88ADAE-C024-42E7-B272-1117D4B9DFE1}.Release|Any CPU.Build.0 = Release|Any CPU
	EndGlobalSection
	GlobalSection(SolutionProperties) = preSolution
		HideSolutionNode = FALSE
	EndGlobalSection
	GlobalSection(ExtensibilityGlobals) = postSolution
		SolutionGuid = {F8D297E0-EEBA-4161-97A0-229A442AAA5D}
	EndGlobalSection
EndGlobal
