
Microsoft Visual Studio Solution File, Format Version 12.00
# Visual Studio Version 17
VisualStudioVersion = 17.14.36623.8 d17.14
MinimumVisualStudioVersion = 10.0.40219.1
Project("{FAE04EC0-301F-11D3-BF4B-00C04F79EFBC}") = "Day11_demoDelegate", "Day11_demoDelegate.csproj", "{38308F20-3ED4-4D5F-BABD-BFE011909F9A}"
EndProject
Global
	GlobalSection(SolutionConfigurationPlatforms) = preSolution
		Debug|Any CPU = Debug|Any CPU
		Release|Any CPU = Release|Any CPU
	EndGlobalSection
	GlobalSection(ProjectConfigurationPlatforms) = postSolution
		{38308F20-3ED4-4D5F-BABD-BFE011909F9A}.Debug|Any CPU.ActiveCfg = Debug|Any CPU
		{38308F20-3ED4-4D5F-BABD-BFE011909F9A}.Debug|Any CPU.Build.0 = Debug|Any CPU
		{38308F20-3ED4-4D5F-BABD-BFE011909F9A}.Release|Any CPU.ActiveCfg = Release|Any CPU
		{38308F20-3ED4-4D5F-BABD-BFE011909F9A}.Release|Any CPU.Build.0 = Release|Any CPU
	EndGlobalSection
	GlobalSection(SolutionProperties) = preSolution
		HideSolutionNode = FALSE
	EndGlobalSection
	GlobalSection(ExtensibilityGlobals) = postSolution
		SolutionGuid = {6DEECE04-8457-4278-B2A0-B5B0A987398C}
	EndGlobalSection
EndGlobal
