
Microsoft Visual Studio Solution File, Format Version 12.00
# Visual Studio Version 17
VisualStudioVersion = 17.14.36623.8 d17.14
MinimumVisualStudioVersion = 10.0.40219.1
Project("{FAE04EC0-301F-11D3-BF4B-00C04F79EFBC}") = "Day2_DemoApp1", "Day2_DemoApp1.csproj", "{BE563570-8F44-4AD7-B453-DFE44D64F91F}"
EndProject
Global
	GlobalSection(SolutionConfigurationPlatforms) = preSolution
		Debug|Any CPU = Debug|Any CPU
		Release|Any CPU = Release|Any CPU
	EndGlobalSection
	GlobalSection(ProjectConfigurationPlatforms) = postSolution
		{BE563570-8F44-4AD7-B453-DFE44D64F91F}.Debug|Any CPU.ActiveCfg = Debug|Any CPU
		{BE563570-8F44-4AD7-B453-DFE44D64F91F}.Debug|Any CPU.Build.0 = Debug|Any CPU
		{BE563570-8F44-4AD7-B453-DFE44D64F91F}.Release|Any CPU.ActiveCfg = Release|Any CPU
		{BE563570-8F44-4AD7-B453-DFE44D64F91F}.Release|Any CPU.Build.0 = Release|Any CPU
	EndGlobalSection
	GlobalSection(SolutionProperties) = preSolution
		HideSolutionNode = FALSE
	EndGlobalSection
	GlobalSection(ExtensibilityGlobals) = postSolution
		SolutionGuid = {14A4A8BE-449B-40FD-B766-09D8B3C5515D}
	EndGlobalSection
EndGlobal
