
Microsoft Visual Studio Solution File, Format Version 12.00
# Visual Studio Version 17
VisualStudioVersion = 17.14.36623.8
MinimumVisualStudioVersion = 10.0.40219.1
Project("{FAE04EC0-301F-11D3-BF4B-00C04F79EFBC}") = "CodingAssessment2", "CodingAssessment2.csproj", "{D0D8C4F7-169B-4F59-9FDB-3F17666E0937}"
EndProject
Project("{FAE04EC0-301F-11D3-BF4B-00C04F79EFBC}") = "HRDataLib", "..\HRDataLib\HRDataLib.csproj", "{410AA774-89B6-4C4C-8901-04557B40A2D8}"
EndProject
Project("{FAE04EC0-301F-11D3-BF4B-00C04F79EFBC}") = "HRservices", "..\HRservices\HRservices.csproj", "{0A4E6BEE-9FBD-4C63-995B-EDD9409ADCD8}"
EndProject
Project("{FAE04EC0-301F-11D3-BF4B-00C04F79EFBC}") = "Demo1", "..\Demo1\Demo1.csproj", "{36AA4611-411C-4203-A590-DD8251123C79}"
EndProject
Global
	GlobalSection(SolutionConfigurationPlatforms) = preSolution
		Debug|Any CPU = Debug|Any CPU
		Release|Any CPU = Release|Any CPU
	EndGlobalSection
	GlobalSection(ProjectConfigurationPlatforms) = postSolution
		{D0D8C4F7-169B-4F59-9FDB-3F17666E0937}.Debug|Any CPU.ActiveCfg = Debug|Any CPU
		{D0D8C4F7-169B-4F59-9FDB-3F17666E0937}.Debug|Any CPU.Build.0 = Debug|Any CPU
		{D0D8C4F7-169B-4F59-9FDB-3F17666E0937}.Release|Any CPU.ActiveCfg = Release|Any CPU
		{D0D8C4F7-169B-4F59-9FDB-3F17666E0937}.Release|Any CPU.Build.0 = Release|Any CPU
		{410AA774-89B6-4C4C-8901-04557B40A2D8}.Debug|Any CPU.ActiveCfg = Debug|Any CPU
		{410AA774-89B6-4C4C-8901-04557B40A2D8}.Debug|Any CPU.Build.0 = Debug|Any CPU
		{410AA774-89B6-4C4C-8901-04557B40A2D8}.Release|Any CPU.ActiveCfg = Release|Any CPU
		{410AA774-89B6-4C4C-8901-04557B40A2D8}.Release|Any CPU.Build.0 = Release|Any CPU
		{0A4E6BEE-9FBD-4C63-995B-EDD9409ADCD8}.Debug|Any CPU.ActiveCfg = Debug|Any CPU
		{0A4E6BEE-9FBD-4C63-995B-EDD9409ADCD8}.Debug|Any CPU.Build.0 = Debug|Any CPU
		{0A4E6BEE-9FBD-4C63-995B-EDD9409ADCD8}.Release|Any CPU.ActiveCfg = Release|Any CPU
		{0A4E6BEE-9FBD-4C63-995B-EDD9409ADCD8}.Release|Any CPU.Build.0 = Release|Any CPU
		{36AA4611-411C-4203-A590-DD8251123C79}.Debug|Any CPU.ActiveCfg = Debug|Any CPU
		{36AA4611-411C-4203-A590-DD8251123C79}.Debug|Any CPU.Build.0 = Debug|Any CPU
		{36AA4611-411C-4203-A590-DD8251123C79}.Release|Any CPU.ActiveCfg = Release|Any CPU
		{36AA4611-411C-4203-A590-DD8251123C79}.Release|Any CPU.Build.0 = Release|Any CPU
	EndGlobalSection
	GlobalSection(SolutionProperties) = preSolution
		HideSolutionNode = FALSE
	EndGlobalSection
	GlobalSection(ExtensibilityGlobals) = postSolution
		SolutionGuid = {A2AD6B7F-2C0B-4923-B70B-B1C59A5DF995}
	EndGlobalSection
EndGlobal
