
Microsoft Visual Studio Solution File, Format Version 12.00
# Visual Studio Version 17
VisualStudioVersion = 17.14.36623.8 d17.14
MinimumVisualStudioVersion = 10.0.40219.1
Project("{FAE04EC0-301F-11D3-BF4B-00C04F79EFBC}") = "RemoteTRn", "RemoteTRn.csproj", "{8FC2399A-2C91-4CE2-B3B9-84AD9B259115}"
EndProject
Project("{FAE04EC0-301F-11D3-BF4B-00C04F79EFBC}") = "ServerApp", "..\ServerApp\ServerApp.csproj", "{04CF91BA-3E4C-4DF2-B814-AEE71D2D5897}"
EndProject
Project("{FAE04EC0-301F-11D3-BF4B-00C04F79EFBC}") = "ClientApp2", "..\ClientApp2\ClientApp2.csproj", "{319C7383-AED6-48F6-878C-1590F9DE19BE}"
EndProject
Global
	GlobalSection(SolutionConfigurationPlatforms) = preSolution
		Debug|Any CPU = Debug|Any CPU
		Release|Any CPU = Release|Any CPU
	EndGlobalSection
	GlobalSection(ProjectConfigurationPlatforms) = postSolution
		{8FC2399A-2C91-4CE2-B3B9-84AD9B259115}.Debug|Any CPU.ActiveCfg = Debug|Any CPU
		{8FC2399A-2C91-4CE2-B3B9-84AD9B259115}.Debug|Any CPU.Build.0 = Debug|Any CPU
		{8FC2399A-2C91-4CE2-B3B9-84AD9B259115}.Release|Any CPU.ActiveCfg = Release|Any CPU
		{8FC2399A-2C91-4CE2-B3B9-84AD9B259115}.Release|Any CPU.Build.0 = Release|Any CPU
		{04CF91BA-3E4C-4DF2-B814-AEE71D2D5897}.Debug|Any CPU.ActiveCfg = Debug|Any CPU
		{04CF91BA-3E4C-4DF2-B814-AEE71D2D5897}.Debug|Any CPU.Build.0 = Debug|Any CPU
		{04CF91BA-3E4C-4DF2-B814-AEE71D2D5897}.Release|Any CPU.ActiveCfg = Release|Any CPU
		{04CF91BA-3E4C-4DF2-B814-AEE71D2D5897}.Release|Any CPU.Build.0 = Release|Any CPU
		{319C7383-AED6-48F6-878C-1590F9DE19BE}.Debug|Any CPU.ActiveCfg = Debug|Any CPU
		{319C7383-AED6-48F6-878C-1590F9DE19BE}.Debug|Any CPU.Build.0 = Debug|Any CPU
		{319C7383-AED6-48F6-878C-1590F9DE19BE}.Release|Any CPU.ActiveCfg = Release|Any CPU
		{319C7383-AED6-48F6-878C-1590F9DE19BE}.Release|Any CPU.Build.0 = Release|Any CPU
	EndGlobalSection
	GlobalSection(SolutionProperties) = preSolution
		HideSolutionNode = FALSE
	EndGlobalSection
	GlobalSection(ExtensibilityGlobals) = postSolution
		SolutionGuid = {706D1D4E-A9DC-4F1D-8BD2-95493FD11784}
	EndGlobalSection
EndGlobal
