
Microsoft Visual Studio Solution File, Format Version 12.00
# Visual Studio Version 17
VisualStudioVersion = 17.14.36623.8 d17.14
MinimumVisualStudioVersion = 10.0.40219.1
Project("{FAE04EC0-301F-11D3-BF4B-00C04F79EFBC}") = "movieticket", "movieticket.csproj", "{F4DA09FF-64E1-4049-B5DB-59E034834964}"
EndProject
Global
	GlobalSection(SolutionConfigurationPlatforms) = preSolution
		Debug|Any CPU = Debug|Any CPU
		Release|Any CPU = Release|Any CPU
	EndGlobalSection
	GlobalSection(ProjectConfigurationPlatforms) = postSolution
		{F4DA09FF-64E1-4049-B5DB-59E034834964}.Debug|Any CPU.ActiveCfg = Debug|Any CPU
		{F4DA09FF-64E1-4049-B5DB-59E034834964}.Debug|Any CPU.Build.0 = Debug|Any CPU
		{F4DA09FF-64E1-4049-B5DB-59E034834964}.Release|Any CPU.ActiveCfg = Release|Any CPU
		{F4DA09FF-64E1-4049-B5DB-59E034834964}.Release|Any CPU.Build.0 = Release|Any CPU
	EndGlobalSection
	GlobalSection(SolutionProperties) = preSolution
		HideSolutionNode = FALSE
	EndGlobalSection
	GlobalSection(ExtensibilityGlobals) = postSolution
		SolutionGuid = {61D10BE4-4DA9-4096-AE9A-5B1463B06AC9}
	EndGlobalSection
EndGlobal
