
Microsoft Visual Studio Solution File, Format Version 12.00
# Visual Studio Version 17
VisualStudioVersion = 17.14.36623.8 d17.14
MinimumVisualStudioVersion = 10.0.40219.1
Project("{FAE04EC0-301F-11D3-BF4B-00C04F79EFBC}") = "grocerySystem", "grocerySystem.csproj", "{9AE5C955-8AA7-4B5C-BCB7-63EB78CAAE92}"
EndProject
Global
	GlobalSection(SolutionConfigurationPlatforms) = preSolution
		Debug|Any CPU = Debug|Any CPU
		Release|Any CPU = Release|Any CPU
	EndGlobalSection
	GlobalSection(ProjectConfigurationPlatforms) = postSolution
		{9AE5C955-8AA7-4B5C-BCB7-63EB78CAAE92}.Debug|Any CPU.ActiveCfg = Debug|Any CPU
		{9AE5C955-8AA7-4B5C-BCB7-63EB78CAAE92}.Debug|Any CPU.Build.0 = Debug|Any CPU
		{9AE5C955-8AA7-4B5C-BCB7-63EB78CAAE92}.Release|Any CPU.ActiveCfg = Release|Any CPU
		{9AE5C955-8AA7-4B5C-BCB7-63EB78CAAE92}.Release|Any CPU.Build.0 = Release|Any CPU
	EndGlobalSection
	GlobalSection(SolutionProperties) = preSolution
		HideSolutionNode = FALSE
	EndGlobalSection
	GlobalSection(ExtensibilityGlobals) = postSolution
		SolutionGuid = {54F7C49A-52C7-4E55-94E8-0125C46AD392}
	EndGlobalSection
EndGlobal
