
Microsoft Visual Studio Solution File, Format Version 12.00
# Visual Studio Version 17
VisualStudioVersion = 17.14.36623.8 d17.14
MinimumVisualStudioVersion = 10.0.40219.1
Project("{FAE04EC0-301F-11D3-BF4B-00C04F79EFBC}") = "Day5_DemoApp2", "Day5_DemoApp2.csproj", "{AE8C2D9B-0059-4446-9928-5CBF88657530}"
EndProject
Global
	GlobalSection(SolutionConfigurationPlatforms) = preSolution
		Debug|Any CPU = Debug|Any CPU
		Release|Any CPU = Release|Any CPU
	EndGlobalSection
	GlobalSection(ProjectConfigurationPlatforms) = postSolution
		{AE8C2D9B-0059-4446-9928-5CBF88657530}.Debug|Any CPU.ActiveCfg = Debug|Any CPU
		{AE8C2D9B-0059-4446-9928-5CBF88657530}.Debug|Any CPU.Build.0 = Debug|Any CPU
		{AE8C2D9B-0059-4446-9928-5CBF88657530}.Release|Any CPU.ActiveCfg = Release|Any CPU
		{AE8C2D9B-0059-4446-9928-5CBF88657530}.Release|Any CPU.Build.0 = Release|Any CPU
	EndGlobalSection
	GlobalSection(SolutionProperties) = preSolution
		HideSolutionNode = FALSE
	EndGlobalSection
	GlobalSection(ExtensibilityGlobals) = postSolution
		SolutionGuid = {7B047EF9-8D19-4F18-A25A-D3D4B90CD141}
	EndGlobalSection
EndGlobal
