
Microsoft Visual Studio Solution File, Format Version 12.00
# Visual Studio Version 17
VisualStudioVersion = 17.14.36623.8 d17.14
MinimumVisualStudioVersion = 10.0.40219.1
Project("{FAE04EC0-301F-11D3-BF4B-00C04F79EFBC}") = "Day6_DemoApp1", "Day6_DemoApp1.csproj", "{5B528C27-A217-478D-AF12-9421DF320C3C}"
EndProject
Global
	GlobalSection(SolutionConfigurationPlatforms) = preSolution
		Debug|Any CPU = Debug|Any CPU
		Release|Any CPU = Release|Any CPU
	EndGlobalSection
	GlobalSection(ProjectConfigurationPlatforms) = postSolution
		{5B528C27-A217-478D-AF12-9421DF320C3C}.Debug|Any CPU.ActiveCfg = Debug|Any CPU
		{5B528C27-A217-478D-AF12-9421DF320C3C}.Debug|Any CPU.Build.0 = Debug|Any CPU
		{5B528C27-A217-478D-AF12-9421DF320C3C}.Release|Any CPU.ActiveCfg = Release|Any CPU
		{5B528C27-A217-478D-AF12-9421DF320C3C}.Release|Any CPU.Build.0 = Release|Any CPU
	EndGlobalSection
	GlobalSection(SolutionProperties) = preSolution
		HideSolutionNode = FALSE
	EndGlobalSection
	GlobalSection(ExtensibilityGlobals) = postSolution
		SolutionGuid = {63B29D7D-F355-40D6-9081-DBB818CCA110}
	EndGlobalSection
EndGlobal
