
Microsoft Visual Studio Solution File, Format Version 12.00
# Visual Studio Version 17
VisualStudioVersion = 17.14.36623.8 d17.14
MinimumVisualStudioVersion = 10.0.40219.1
Project("{FAE04EC0-301F-11D3-BF4B-00C04F79EFBC}") = "AssignmentNunit", "AssignmentNunit.csproj", "{1D03569C-1016-47F6-9A92-7306C4C4EF9D}"
EndProject
Global
	GlobalSection(SolutionConfigurationPlatforms) = preSolution
		Debug|Any CPU = Debug|Any CPU
		Release|Any CPU = Release|Any CPU
	EndGlobalSection
	GlobalSection(ProjectConfigurationPlatforms) = postSolution
		{1D03569C-1016-47F6-9A92-7306C4C4EF9D}.Debug|Any CPU.ActiveCfg = Debug|Any CPU
		{1D03569C-1016-47F6-9A92-7306C4C4EF9D}.Debug|Any CPU.Build.0 = Debug|Any CPU
		{1D03569C-1016-47F6-9A92-7306C4C4EF9D}.Release|Any CPU.ActiveCfg = Release|Any CPU
		{1D03569C-1016-47F6-9A92-7306C4C4EF9D}.Release|Any CPU.Build.0 = Release|Any CPU
	EndGlobalSection
	GlobalSection(SolutionProperties) = preSolution
		HideSolutionNode = FALSE
	EndGlobalSection
	GlobalSection(ExtensibilityGlobals) = postSolution
		SolutionGuid = {275A1A7C-0BE7-47F0-8060-BBDB5BE7F77F}
	EndGlobalSection
EndGlobal
