
Microsoft Visual Studio Solution File, Format Version 12.00
# Visual Studio Version 17
VisualStudioVersion = 17.14.36623.8 d17.14
MinimumVisualStudioVersion = 10.0.40219.1
Project("{FAE04EC0-301F-11D3-BF4B-00C04F79EFBC}") = "Day8_DemoApp2", "Day8_DemoApp2.csproj", "{D59D8EF3-FE31-42B9-9C7E-59B45A837443}"
EndProject
Global
	GlobalSection(SolutionConfigurationPlatforms) = preSolution
		Debug|Any CPU = Debug|Any CPU
		Release|Any CPU = Release|Any CPU
	EndGlobalSection
	GlobalSection(ProjectConfigurationPlatforms) = postSolution
		{D59D8EF3-FE31-42B9-9C7E-59B45A837443}.Debug|Any CPU.ActiveCfg = Debug|Any CPU
		{D59D8EF3-FE31-42B9-9C7E-59B45A837443}.Debug|Any CPU.Build.0 = Debug|Any CPU
		{D59D8EF3-FE31-42B9-9C7E-59B45A837443}.Release|Any CPU.ActiveCfg = Release|Any CPU
		{D59D8EF3-FE31-42B9-9C7E-59B45A837443}.Release|Any CPU.Build.0 = Release|Any CPU
	EndGlobalSection
	GlobalSection(SolutionProperties) = preSolution
		HideSolutionNode = FALSE
	EndGlobalSection
	GlobalSection(ExtensibilityGlobals) = postSolution
		SolutionGuid = {443EB1CF-FFA4-4A89-A715-A06D0BF4EFDB}
	EndGlobalSection
EndGlobal
