
Microsoft Visual Studio Solution File, Format Version 12.00
# Visual Studio Version 17
VisualStudioVersion = 17.14.36623.8 d17.14
MinimumVisualStudioVersion = 10.0.40219.1
Project("{FAE04EC0-301F-11D3-BF4B-00C04F79EFBC}") = "e-commerece assignment", "e-commerece assignment.csproj", "{F5FA5F22-3B17-41F5-961C-232590F36ACC}"
EndProject
Global
	GlobalSection(SolutionConfigurationPlatforms) = preSolution
		Debug|Any CPU = Debug|Any CPU
		Release|Any CPU = Release|Any CPU
	EndGlobalSection
	GlobalSection(ProjectConfigurationPlatforms) = postSolution
		{F5FA5F22-3B17-41F5-961C-232590F36ACC}.Debug|Any CPU.ActiveCfg = Debug|Any CPU
		{F5FA5F22-3B17-41F5-961C-232590F36ACC}.Debug|Any CPU.Build.0 = Debug|Any CPU
		{F5FA5F22-3B17-41F5-961C-232590F36ACC}.Release|Any CPU.ActiveCfg = Release|Any CPU
		{F5FA5F22-3B17-41F5-961C-232590F36ACC}.Release|Any CPU.Build.0 = Release|Any CPU
	EndGlobalSection
	GlobalSection(SolutionProperties) = preSolution
		HideSolutionNode = FALSE
	EndGlobalSection
	GlobalSection(ExtensibilityGlobals) = postSolution
		SolutionGuid = {FB3AFD47-05F6-4EF6-B13C-2CD9A34717ED}
	EndGlobalSection
EndGlobal
