
Microsoft Visual Studio Solution File, Format Version 12.00
# Visual Studio Version 17
VisualStudioVersion = 17.14.36623.8
MinimumVisualStudioVersion = 10.0.40219.1
Project("{FAE04EC0-301F-11D3-BF4B-00C04F79EFBC}") = "Day14_LanguageFeatures", "Day14_LanguageFeatures.csproj", "{EC99D031-0CB9-45B2-BAA5-6F8229576BB8}"
EndProject
Project("{FAE04EC0-301F-11D3-BF4B-00C04F79EFBC}") = "ClassLibrary1", "..\ClassLibrary1\ClassLibrary1.csproj", "{6ECA72CE-A77C-4780-AE9A-48F10533D0B1}"
EndProject
Project("{FAE04EC0-301F-11D3-BF4B-00C04F79EFBC}") = "ClassLibrary2", "..\ClassLibrary2\ClassLibrary2.csproj", "{0DCC1756-0F80-4A52-B0DF-1AB167AEAA33}"
EndProject
Global
	GlobalSection(SolutionConfigurationPlatforms) = preSolution
		Debug|Any CPU = Debug|Any CPU
		Release|Any CPU = Release|Any CPU
	EndGlobalSection
	GlobalSection(ProjectConfigurationPlatforms) = postSolution
		{EC99D031-0CB9-45B2-BAA5-6F8229576BB8}.Debug|Any CPU.ActiveCfg = Debug|Any CPU
		{EC99D031-0CB9-45B2-BAA5-6F8229576BB8}.Debug|Any CPU.Build.0 = Debug|Any CPU
		{EC99D031-0CB9-45B2-BAA5-6F8229576BB8}.Release|Any CPU.ActiveCfg = Release|Any CPU
		{EC99D031-0CB9-45B2-BAA5-6F8229576BB8}.Release|Any CPU.Build.0 = Release|Any CPU
		{6ECA72CE-A77C-4780-AE9A-48F10533D0B1}.Debug|Any CPU.ActiveCfg = Debug|Any CPU
		{6ECA72CE-A77C-4780-AE9A-48F10533D0B1}.Debug|Any CPU.Build.0 = Debug|Any CPU
		{6ECA72CE-A77C-4780-AE9A-48F10533D0B1}.Release|Any CPU.ActiveCfg = Release|Any CPU
		{6ECA72CE-A77C-4780-AE9A-48F10533D0B1}.Release|Any CPU.Build.0 = Release|Any CPU
		{0DCC1756-0F80-4A52-B0DF-1AB167AEAA33}.Debug|Any CPU.ActiveCfg = Debug|Any CPU
		{0DCC1756-0F80-4A52-B0DF-1AB167AEAA33}.Debug|Any CPU.Build.0 = Debug|Any CPU
		{0DCC1756-0F80-4A52-B0DF-1AB167AEAA33}.Release|Any CPU.ActiveCfg = Release|Any CPU
		{0DCC1756-0F80-4A52-B0DF-1AB167AEAA33}.Release|Any CPU.Build.0 = Release|Any CPU
	EndGlobalSection
	GlobalSection(SolutionProperties) = preSolution
		HideSolutionNode = FALSE
	EndGlobalSection
	GlobalSection(ExtensibilityGlobals) = postSolution
		SolutionGuid = {50F3CE3C-2851-4A60-8118-EAEE7D50F3D4}
	EndGlobalSection
EndGlobal
